
Microsoft Visual Studio Solution File, Format Version 12.00
# Visual Studio Version 16
VisualStudioVersion = 16.0.30907.101
MinimumVisualStudioVersion = 10.0.40219.1
Project("{9A19103F-16F7-4668-BE54-9A1E7A4F7556}") = "ChiselDebuggerWebUI", "ChiselDebuggerWebUI\ChiselDebuggerWebUI.csproj", "{B4252B16-F845-4922-8427-874EA681C981}"
EndProject
Project("{9A19103F-16F7-4668-BE54-9A1E7A4F7556}") = "ChiselDebug", "..\ChiselDebug\ChiselDebug\ChiselDebug.csproj", "{E94DC697-6A9C-4B03-B499-54E1328CF11C}"
EndProject
Project("{9A19103F-16F7-4668-BE54-9A1E7A4F7556}") = "PriorityQueue", "..\..\PriorityQueue\PriorityQueue\PriorityQueue.csproj", "{62CC3E52-D9E6-4EBE-8E20-D3F391CA11F4}"
EndProject
Project("{FAE04EC0-301F-11D3-BF4B-00C04F79EFBC}") = "FIRRTL", "..\FIRRTL\FIRRTL.csproj", "{90122FC7-4E5E-4D5C-80CB-795AEDC2823A}"
EndProject
Project("{FAE04EC0-301F-11D3-BF4B-00C04F79EFBC}") = "FIRRTLTests", "..\FIRRTLTests\FIRRTLTests.csproj", "{841A0FCE-3EA3-4E54-BA58-EB3D03062A7C}"
EndProject
Global
	GlobalSection(SolutionConfigurationPlatforms) = preSolution
		Debug|Any CPU = Debug|Any CPU
		Release|Any CPU = Release|Any CPU
	EndGlobalSection
	GlobalSection(ProjectConfigurationPlatforms) = postSolution
		{B4252B16-F845-4922-8427-874EA681C981}.Debug|Any CPU.ActiveCfg = Debug|Any CPU
		{B4252B16-F845-4922-8427-874EA681C981}.Debug|Any CPU.Build.0 = Debug|Any CPU
		{B4252B16-F845-4922-8427-874EA681C981}.Release|Any CPU.ActiveCfg = Release|Any CPU
		{B4252B16-F845-4922-8427-874EA681C981}.Release|Any CPU.Build.0 = Release|Any CPU
		{E94DC697-6A9C-4B03-B499-54E1328CF11C}.Debug|Any CPU.ActiveCfg = Debug|Any CPU
		{E94DC697-6A9C-4B03-B499-54E1328CF11C}.Debug|Any CPU.Build.0 = Debug|Any CPU
		{E94DC697-6A9C-4B03-B499-54E1328CF11C}.Release|Any CPU.ActiveCfg = Release|Any CPU
		{E94DC697-6A9C-4B03-B499-54E1328CF11C}.Release|Any CPU.Build.0 = Release|Any CPU
		{62CC3E52-D9E6-4EBE-8E20-D3F391CA11F4}.Debug|Any CPU.ActiveCfg = Debug|Any CPU
		{62CC3E52-D9E6-4EBE-8E20-D3F391CA11F4}.Debug|Any CPU.Build.0 = Debug|Any CPU
		{62CC3E52-D9E6-4EBE-8E20-D3F391CA11F4}.Release|Any CPU.ActiveCfg = Release|Any CPU
		{62CC3E52-D9E6-4EBE-8E20-D3F391CA11F4}.Release|Any CPU.Build.0 = Release|Any CPU
		{90122FC7-4E5E-4D5C-80CB-795AEDC2823A}.Debug|Any CPU.ActiveCfg = Debug|Any CPU
		{90122FC7-4E5E-4D5C-80CB-795AEDC2823A}.Debug|Any CPU.Build.0 = Debug|Any CPU
		{90122FC7-4E5E-4D5C-80CB-795AEDC2823A}.Release|Any CPU.ActiveCfg = Release|Any CPU
		{90122FC7-4E5E-4D5C-80CB-795AEDC2823A}.Release|Any CPU.Build.0 = Release|Any CPU
		{841A0FCE-3EA3-4E54-BA58-EB3D03062A7C}.Debug|Any CPU.ActiveCfg = Debug|Any CPU
		{841A0FCE-3EA3-4E54-BA58-EB3D03062A7C}.Debug|Any CPU.Build.0 = Debug|Any CPU
		{841A0FCE-3EA3-4E54-BA58-EB3D03062A7C}.Release|Any CPU.ActiveCfg = Release|Any CPU
		{841A0FCE-3EA3-4E54-BA58-EB3D03062A7C}.Release|Any CPU.Build.0 = Release|Any CPU
	EndGlobalSection
	GlobalSection(SolutionProperties) = preSolution
		HideSolutionNode = FALSE
	EndGlobalSection
	GlobalSection(ExtensibilityGlobals) = postSolution
		SolutionGuid = {4201A609-989A-48E7-928A-EE2BC3D129FB}
	EndGlobalSection
EndGlobal
