
Microsoft Visual Studio Solution File, Format Version 12.00
# Visual Studio Version 17
VisualStudioVersion = 17.0.31423.177
MinimumVisualStudioVersion = 10.0.40219.1
Project("{9A19103F-16F7-4668-BE54-9A1E7A4F7556}") = "ChiselDebuggerWebUI", "ChiselDebuggerWebUI\ChiselDebuggerWebUI.csproj", "{B4252B16-F845-4922-8427-874EA681C981}"
EndProject
Project("{9A19103F-16F7-4668-BE54-9A1E7A4F7556}") = "ChiselDebug", "..\ChiselDebug\ChiselDebug\ChiselDebug.csproj", "{E94DC697-6A9C-4B03-B499-54E1328CF11C}"
EndProject
Project("{9A19103F-16F7-4668-BE54-9A1E7A4F7556}") = "FIRRTL", "..\FIRRTL\FIRRTL.csproj", "{90122FC7-4E5E-4D5C-80CB-795AEDC2823A}"
EndProject
Project("{9A19103F-16F7-4668-BE54-9A1E7A4F7556}") = "FIRRTLTests", "..\FIRRTLTests\FIRRTLTests.csproj", "{841A0FCE-3EA3-4E54-BA58-EB3D03062A7C}"
EndProject
Project("{9A19103F-16F7-4668-BE54-9A1E7A4F7556}") = "VCDReader", "..\VCDReader\VCDReader.csproj", "{2AA002FF-3AC3-40EC-AEA0-8FE9BF99F9AB}"
EndProject
Project("{9A19103F-16F7-4668-BE54-9A1E7A4F7556}") = "VCDReaderTests", "..\VCDReaderTests\VCDReaderTests.csproj", "{E77F7A53-F289-4375-8632-99EB7F1634BD}"
EndProject
Project("{9A19103F-16F7-4668-BE54-9A1E7A4F7556}") = "ChiselDebugTests", "..\ChiselDebugTests\ChiselDebugTests.csproj", "{2C456D35-1DBD-4EC2-99F8-AFA9132FC44A}"
EndProject
Project("{9A19103F-16F7-4668-BE54-9A1E7A4F7556}") = "Benchmarker", "..\Benchmarker\Benchmarker.csproj", "{81F12E82-7746-48D3-BEF1-0BADADF12A6C}"
EndProject
Project("{9A19103F-16F7-4668-BE54-9A1E7A4F7556}") = "ChiselDebuggerRazor", "..\ChiselDebuggerRazor\ChiselDebuggerRazor.csproj", "{663D5537-8286-4B6C-ADEE-A0714AF43E42}"
EndProject
Project("{9A19103F-16F7-4668-BE54-9A1E7A4F7556}") = "ChiselDebuggerWebAsmUI", "..\ChiselDebuggerWebAsmUI\ChiselDebuggerWebAsmUI.csproj", "{575ACDBC-D1BA-4B79-884D-B80B121C12D7}"
EndProject
Project("{9A19103F-16F7-4668-BE54-9A1E7A4F7556}") = "PriorityQueue", "..\..\PriorityQueue\PriorityQueue\PriorityQueue.csproj", "{CF3EEAB0-FEA6-4A13-892B-15858048A793}"
EndProject
Project("{9A19103F-16F7-4668-BE54-9A1E7A4F7556}") = "Rubjerg.Graphviz", "..\..\Graphviz.NetWrapper\Rubjerg.Graphviz\Rubjerg.Graphviz.csproj", "{AE26DDDD-FECC-4697-80C7-D5155F281930}"
EndProject
Global
	GlobalSection(SolutionConfigurationPlatforms) = preSolution
		Debug|Any CPU = Debug|Any CPU
		Debug|x64 = Debug|x64
		Release|Any CPU = Release|Any CPU
		Release|x64 = Release|x64
	EndGlobalSection
	GlobalSection(ProjectConfigurationPlatforms) = postSolution
		{B4252B16-F845-4922-8427-874EA681C981}.Debug|Any CPU.ActiveCfg = Debug|Any CPU
		{B4252B16-F845-4922-8427-874EA681C981}.Debug|Any CPU.Build.0 = Debug|Any CPU
		{B4252B16-F845-4922-8427-874EA681C981}.Debug|x64.ActiveCfg = Debug|Any CPU
		{B4252B16-F845-4922-8427-874EA681C981}.Debug|x64.Build.0 = Debug|Any CPU
		{B4252B16-F845-4922-8427-874EA681C981}.Release|Any CPU.ActiveCfg = Release|Any CPU
		{B4252B16-F845-4922-8427-874EA681C981}.Release|Any CPU.Build.0 = Release|Any CPU
		{B4252B16-F845-4922-8427-874EA681C981}.Release|x64.ActiveCfg = Release|Any CPU
		{B4252B16-F845-4922-8427-874EA681C981}.Release|x64.Build.0 = Release|Any CPU
		{E94DC697-6A9C-4B03-B499-54E1328CF11C}.Debug|Any CPU.ActiveCfg = Debug|Any CPU
		{E94DC697-6A9C-4B03-B499-54E1328CF11C}.Debug|Any CPU.Build.0 = Debug|Any CPU
		{E94DC697-6A9C-4B03-B499-54E1328CF11C}.Debug|x64.ActiveCfg = Debug|Any CPU
		{E94DC697-6A9C-4B03-B499-54E1328CF11C}.Debug|x64.Build.0 = Debug|Any CPU
		{E94DC697-6A9C-4B03-B499-54E1328CF11C}.Release|Any CPU.ActiveCfg = Release|Any CPU
		{E94DC697-6A9C-4B03-B499-54E1328CF11C}.Release|Any CPU.Build.0 = Release|Any CPU
		{E94DC697-6A9C-4B03-B499-54E1328CF11C}.Release|x64.ActiveCfg = Release|Any CPU
		{E94DC697-6A9C-4B03-B499-54E1328CF11C}.Release|x64.Build.0 = Release|Any CPU
		{90122FC7-4E5E-4D5C-80CB-795AEDC2823A}.Debug|Any CPU.ActiveCfg = Debug|Any CPU
		{90122FC7-4E5E-4D5C-80CB-795AEDC2823A}.Debug|Any CPU.Build.0 = Debug|Any CPU
		{90122FC7-4E5E-4D5C-80CB-795AEDC2823A}.Debug|x64.ActiveCfg = Debug|Any CPU
		{90122FC7-4E5E-4D5C-80CB-795AEDC2823A}.Debug|x64.Build.0 = Debug|Any CPU
		{90122FC7-4E5E-4D5C-80CB-795AEDC2823A}.Release|Any CPU.ActiveCfg = Release|Any CPU
		{90122FC7-4E5E-4D5C-80CB-795AEDC2823A}.Release|Any CPU.Build.0 = Release|Any CPU
		{90122FC7-4E5E-4D5C-80CB-795AEDC2823A}.Release|x64.ActiveCfg = Release|Any CPU
		{90122FC7-4E5E-4D5C-80CB-795AEDC2823A}.Release|x64.Build.0 = Release|Any CPU
		{841A0FCE-3EA3-4E54-BA58-EB3D03062A7C}.Debug|Any CPU.ActiveCfg = Debug|Any CPU
		{841A0FCE-3EA3-4E54-BA58-EB3D03062A7C}.Debug|Any CPU.Build.0 = Debug|Any CPU
		{841A0FCE-3EA3-4E54-BA58-EB3D03062A7C}.Debug|x64.ActiveCfg = Debug|Any CPU
		{841A0FCE-3EA3-4E54-BA58-EB3D03062A7C}.Debug|x64.Build.0 = Debug|Any CPU
		{841A0FCE-3EA3-4E54-BA58-EB3D03062A7C}.Release|Any CPU.ActiveCfg = Release|Any CPU
		{841A0FCE-3EA3-4E54-BA58-EB3D03062A7C}.Release|Any CPU.Build.0 = Release|Any CPU
		{841A0FCE-3EA3-4E54-BA58-EB3D03062A7C}.Release|x64.ActiveCfg = Release|Any CPU
		{841A0FCE-3EA3-4E54-BA58-EB3D03062A7C}.Release|x64.Build.0 = Release|Any CPU
		{2AA002FF-3AC3-40EC-AEA0-8FE9BF99F9AB}.Debug|Any CPU.ActiveCfg = Debug|Any CPU
		{2AA002FF-3AC3-40EC-AEA0-8FE9BF99F9AB}.Debug|Any CPU.Build.0 = Debug|Any CPU
		{2AA002FF-3AC3-40EC-AEA0-8FE9BF99F9AB}.Debug|x64.ActiveCfg = Debug|Any CPU
		{2AA002FF-3AC3-40EC-AEA0-8FE9BF99F9AB}.Debug|x64.Build.0 = Debug|Any CPU
		{2AA002FF-3AC3-40EC-AEA0-8FE9BF99F9AB}.Release|Any CPU.ActiveCfg = Release|Any CPU
		{2AA002FF-3AC3-40EC-AEA0-8FE9BF99F9AB}.Release|Any CPU.Build.0 = Release|Any CPU
		{2AA002FF-3AC3-40EC-AEA0-8FE9BF99F9AB}.Release|x64.ActiveCfg = Release|Any CPU
		{2AA002FF-3AC3-40EC-AEA0-8FE9BF99F9AB}.Release|x64.Build.0 = Release|Any CPU
		{E77F7A53-F289-4375-8632-99EB7F1634BD}.Debug|Any CPU.ActiveCfg = Debug|Any CPU
		{E77F7A53-F289-4375-8632-99EB7F1634BD}.Debug|Any CPU.Build.0 = Debug|Any CPU
		{E77F7A53-F289-4375-8632-99EB7F1634BD}.Debug|x64.ActiveCfg = Debug|Any CPU
		{E77F7A53-F289-4375-8632-99EB7F1634BD}.Debug|x64.Build.0 = Debug|Any CPU
		{E77F7A53-F289-4375-8632-99EB7F1634BD}.Release|Any CPU.ActiveCfg = Release|Any CPU
		{E77F7A53-F289-4375-8632-99EB7F1634BD}.Release|Any CPU.Build.0 = Release|Any CPU
		{E77F7A53-F289-4375-8632-99EB7F1634BD}.Release|x64.ActiveCfg = Release|Any CPU
		{E77F7A53-F289-4375-8632-99EB7F1634BD}.Release|x64.Build.0 = Release|Any CPU
		{2C456D35-1DBD-4EC2-99F8-AFA9132FC44A}.Debug|Any CPU.ActiveCfg = Debug|Any CPU
		{2C456D35-1DBD-4EC2-99F8-AFA9132FC44A}.Debug|Any CPU.Build.0 = Debug|Any CPU
		{2C456D35-1DBD-4EC2-99F8-AFA9132FC44A}.Debug|x64.ActiveCfg = Debug|Any CPU
		{2C456D35-1DBD-4EC2-99F8-AFA9132FC44A}.Debug|x64.Build.0 = Debug|Any CPU
		{2C456D35-1DBD-4EC2-99F8-AFA9132FC44A}.Release|Any CPU.ActiveCfg = Release|Any CPU
		{2C456D35-1DBD-4EC2-99F8-AFA9132FC44A}.Release|Any CPU.Build.0 = Release|Any CPU
		{2C456D35-1DBD-4EC2-99F8-AFA9132FC44A}.Release|x64.ActiveCfg = Release|Any CPU
		{2C456D35-1DBD-4EC2-99F8-AFA9132FC44A}.Release|x64.Build.0 = Release|Any CPU
		{81F12E82-7746-48D3-BEF1-0BADADF12A6C}.Debug|Any CPU.ActiveCfg = Debug|Any CPU
		{81F12E82-7746-48D3-BEF1-0BADADF12A6C}.Debug|Any CPU.Build.0 = Debug|Any CPU
		{81F12E82-7746-48D3-BEF1-0BADADF12A6C}.Debug|x64.ActiveCfg = Debug|Any CPU
		{81F12E82-7746-48D3-BEF1-0BADADF12A6C}.Debug|x64.Build.0 = Debug|Any CPU
		{81F12E82-7746-48D3-BEF1-0BADADF12A6C}.Release|Any CPU.ActiveCfg = Release|Any CPU
		{81F12E82-7746-48D3-BEF1-0BADADF12A6C}.Release|Any CPU.Build.0 = Release|Any CPU
		{81F12E82-7746-48D3-BEF1-0BADADF12A6C}.Release|x64.ActiveCfg = Release|Any CPU
		{81F12E82-7746-48D3-BEF1-0BADADF12A6C}.Release|x64.Build.0 = Release|Any CPU
		{663D5537-8286-4B6C-ADEE-A0714AF43E42}.Debug|Any CPU.ActiveCfg = Debug|Any CPU
		{663D5537-8286-4B6C-ADEE-A0714AF43E42}.Debug|Any CPU.Build.0 = Debug|Any CPU
		{663D5537-8286-4B6C-ADEE-A0714AF43E42}.Debug|x64.ActiveCfg = Debug|Any CPU
		{663D5537-8286-4B6C-ADEE-A0714AF43E42}.Debug|x64.Build.0 = Debug|Any CPU
		{663D5537-8286-4B6C-ADEE-A0714AF43E42}.Release|Any CPU.ActiveCfg = Release|Any CPU
		{663D5537-8286-4B6C-ADEE-A0714AF43E42}.Release|Any CPU.Build.0 = Release|Any CPU
		{663D5537-8286-4B6C-ADEE-A0714AF43E42}.Release|x64.ActiveCfg = Release|Any CPU
		{663D5537-8286-4B6C-ADEE-A0714AF43E42}.Release|x64.Build.0 = Release|Any CPU
		{575ACDBC-D1BA-4B79-884D-B80B121C12D7}.Debug|Any CPU.ActiveCfg = Debug|Any CPU
		{575ACDBC-D1BA-4B79-884D-B80B121C12D7}.Debug|Any CPU.Build.0 = Debug|Any CPU
		{575ACDBC-D1BA-4B79-884D-B80B121C12D7}.Debug|x64.ActiveCfg = Debug|Any CPU
		{575ACDBC-D1BA-4B79-884D-B80B121C12D7}.Debug|x64.Build.0 = Debug|Any CPU
		{575ACDBC-D1BA-4B79-884D-B80B121C12D7}.Release|Any CPU.ActiveCfg = Release|Any CPU
		{575ACDBC-D1BA-4B79-884D-B80B121C12D7}.Release|Any CPU.Build.0 = Release|Any CPU
		{575ACDBC-D1BA-4B79-884D-B80B121C12D7}.Release|x64.ActiveCfg = Release|Any CPU
		{575ACDBC-D1BA-4B79-884D-B80B121C12D7}.Release|x64.Build.0 = Release|Any CPU
		{CF3EEAB0-FEA6-4A13-892B-15858048A793}.Debug|Any CPU.ActiveCfg = Debug|Any CPU
		{CF3EEAB0-FEA6-4A13-892B-15858048A793}.Debug|Any CPU.Build.0 = Debug|Any CPU
		{CF3EEAB0-FEA6-4A13-892B-15858048A793}.Debug|x64.ActiveCfg = Debug|Any CPU
		{CF3EEAB0-FEA6-4A13-892B-15858048A793}.Debug|x64.Build.0 = Debug|Any CPU
		{CF3EEAB0-FEA6-4A13-892B-15858048A793}.Release|Any CPU.ActiveCfg = Release|Any CPU
		{CF3EEAB0-FEA6-4A13-892B-15858048A793}.Release|Any CPU.Build.0 = Release|Any CPU
		{CF3EEAB0-FEA6-4A13-892B-15858048A793}.Release|x64.ActiveCfg = Release|Any CPU
		{CF3EEAB0-FEA6-4A13-892B-15858048A793}.Release|x64.Build.0 = Release|Any CPU
		{AE26DDDD-FECC-4697-80C7-D5155F281930}.Debug|Any CPU.ActiveCfg = Debug|x64
		{AE26DDDD-FECC-4697-80C7-D5155F281930}.Debug|x64.ActiveCfg = Debug|x64
		{AE26DDDD-FECC-4697-80C7-D5155F281930}.Debug|x64.Build.0 = Debug|x64
		{AE26DDDD-FECC-4697-80C7-D5155F281930}.Release|Any CPU.ActiveCfg = Release|x64
		{AE26DDDD-FECC-4697-80C7-D5155F281930}.Release|x64.ActiveCfg = Release|x64
		{AE26DDDD-FECC-4697-80C7-D5155F281930}.Release|x64.Build.0 = Release|x64
	EndGlobalSection
	GlobalSection(SolutionProperties) = preSolution
		HideSolutionNode = FALSE
	EndGlobalSection
	GlobalSection(ExtensibilityGlobals) = postSolution
		SolutionGuid = {4201A609-989A-48E7-928A-EE2BC3D129FB}
	EndGlobalSection
EndGlobal
